
Microsoft Visual Studio Solution File, Format Version 12.00
# Visual Studio 15
VisualStudioVersion = 15.0.26730.10
MinimumVisualStudioVersion = 10.0.40219.1
Project("{FAE04EC0-301F-11D3-BF4B-00C04F79EFBC}") = "InContex.Collections.Persisted.Core", "InContex.Collections.Persisted.Core\InContex.Collections.Persisted.Core.csproj", "{0B277B9C-D67A-46B5-B826-FA1D1EBE89CE}"
EndProject
Project("{FAE04EC0-301F-11D3-BF4B-00C04F79EFBC}") = "InContex.Runtime.Interop", "InContex.Runtime.Interop\InContex.Runtime.Interop.csproj", "{831EDD63-15FD-48A4-8D5C-E77BC0AC3748}"
EndProject
Project("{FAE04EC0-301F-11D3-BF4B-00C04F79EFBC}") = "InContex.Runtime.Serialization", "InContex.Runtime.Serialization\InContex.Runtime.Serialization.csproj", "{324A5B1B-F5E5-4646-995B-91AB8C0A7CA1}"
EndProject
Project("{FAE04EC0-301F-11D3-BF4B-00C04F79EFBC}") = "IPPArrayTest", "TestCollectionsCore\IPPArrayTest.csproj", "{1601849F-9FEB-4F0D-9FF4-FA38A485F2C2}"
EndProject
Project("{FAE04EC0-301F-11D3-BF4B-00C04F79EFBC}") = "InContex.Collections.Persisted", "InContex.Collections.Persisted\InContex.Collections.Persisted.csproj", "{1BF0EF8A-8416-430C-BB04-6E0A11B00382}"
EndProject
Project("{FAE04EC0-301F-11D3-BF4B-00C04F79EFBC}") = "InContex.Collections.Persisted.CoreTests", "InContexCollections.Persisted.CoreTests\InContex.Collections.Persisted.CoreTests.csproj", "{1B418704-08BA-4F27-BC42-C8662AC83F2F}"
EndProject
Project("{00D1A9C2-B5F0-4AF3-8072-F6C62B433612}") = "InContex.DataStore.Prototying01", "InContex.DataStore.Prototying\InContex.DataStore.Prototying01.sqlproj", "{3EBC68F8-4F1D-439A-9D2D-B01B7A4EB5D7}"
EndProject
Project("{9A19103F-16F7-4668-BE54-9A1E7A4F7556}") = "Opc.Ua.Core", "UA-.NETStandard\Opc.Ua.Core\Opc.Ua.Core.csproj", "{F7FB2502-1955-4E96-9E4C-B2F9B87BCC50}"
EndProject
Project("{9A19103F-16F7-4668-BE54-9A1E7A4F7556}") = "Opc.Ua.Configuration", "UA-.NETStandard\Opc.Ua.Configuration\Opc.Ua.Configuration.csproj", "{FAABD675-70A5-44FD-AA6A-281CB7F4A4F2}"
EndProject
Project("{9A19103F-16F7-4668-BE54-9A1E7A4F7556}") = "Opc.Ua.Server", "UA-.NETStandard\Opc.Ua.Server\Opc.Ua.Server.csproj", "{C8331FBF-55BF-4030-8C17-08EA2730CF9A}"
EndProject
Project("{FAE04EC0-301F-11D3-BF4B-00C04F79EFBC}") = "UA Server Controls", "UA-.NETStandard\UA Server Controls\UA Server Controls.csproj", "{80056988-44E7-4EF4-9F59-50BCF215CB03}"
EndProject
Project("{FAE04EC0-301F-11D3-BF4B-00C04F79EFBC}") = "InContex.OpcSimulationServer", "InContex.OpcSimulationServer\InContex.OpcSimulationServer.csproj", "{7873E573-12B8-4E47-A702-7387917C1DC9}"
EndProject
Global
	GlobalSection(SolutionConfigurationPlatforms) = preSolution
		Debug|Any CPU = Debug|Any CPU
		Debug|x64 = Debug|x64
		Release|Any CPU = Release|Any CPU
		Release|x64 = Release|x64
	EndGlobalSection
	GlobalSection(ProjectConfigurationPlatforms) = postSolution
		{0B277B9C-D67A-46B5-B826-FA1D1EBE89CE}.Debug|Any CPU.ActiveCfg = Debug|Any CPU
		{0B277B9C-D67A-46B5-B826-FA1D1EBE89CE}.Debug|Any CPU.Build.0 = Debug|Any CPU
		{0B277B9C-D67A-46B5-B826-FA1D1EBE89CE}.Debug|x64.ActiveCfg = Debug|x64
		{0B277B9C-D67A-46B5-B826-FA1D1EBE89CE}.Debug|x64.Build.0 = Debug|x64
		{0B277B9C-D67A-46B5-B826-FA1D1EBE89CE}.Release|Any CPU.ActiveCfg = Release|Any CPU
		{0B277B9C-D67A-46B5-B826-FA1D1EBE89CE}.Release|Any CPU.Build.0 = Release|Any CPU
		{0B277B9C-D67A-46B5-B826-FA1D1EBE89CE}.Release|x64.ActiveCfg = Release|x64
		{0B277B9C-D67A-46B5-B826-FA1D1EBE89CE}.Release|x64.Build.0 = Release|x64
		{831EDD63-15FD-48A4-8D5C-E77BC0AC3748}.Debug|Any CPU.ActiveCfg = Debug|Any CPU
		{831EDD63-15FD-48A4-8D5C-E77BC0AC3748}.Debug|Any CPU.Build.0 = Debug|Any CPU
		{831EDD63-15FD-48A4-8D5C-E77BC0AC3748}.Debug|x64.ActiveCfg = Debug|x64
		{831EDD63-15FD-48A4-8D5C-E77BC0AC3748}.Debug|x64.Build.0 = Debug|x64
		{831EDD63-15FD-48A4-8D5C-E77BC0AC3748}.Release|Any CPU.ActiveCfg = Release|Any CPU
		{831EDD63-15FD-48A4-8D5C-E77BC0AC3748}.Release|Any CPU.Build.0 = Release|Any CPU
		{831EDD63-15FD-48A4-8D5C-E77BC0AC3748}.Release|x64.ActiveCfg = Release|x64
		{831EDD63-15FD-48A4-8D5C-E77BC0AC3748}.Release|x64.Build.0 = Release|x64
		{324A5B1B-F5E5-4646-995B-91AB8C0A7CA1}.Debug|Any CPU.ActiveCfg = Debug|Any CPU
		{324A5B1B-F5E5-4646-995B-91AB8C0A7CA1}.Debug|Any CPU.Build.0 = Debug|Any CPU
		{324A5B1B-F5E5-4646-995B-91AB8C0A7CA1}.Debug|x64.ActiveCfg = Debug|x64
		{324A5B1B-F5E5-4646-995B-91AB8C0A7CA1}.Debug|x64.Build.0 = Debug|x64
		{324A5B1B-F5E5-4646-995B-91AB8C0A7CA1}.Release|Any CPU.ActiveCfg = Release|Any CPU
		{324A5B1B-F5E5-4646-995B-91AB8C0A7CA1}.Release|Any CPU.Build.0 = Release|Any CPU
		{324A5B1B-F5E5-4646-995B-91AB8C0A7CA1}.Release|x64.ActiveCfg = Release|x64
		{324A5B1B-F5E5-4646-995B-91AB8C0A7CA1}.Release|x64.Build.0 = Release|x64
		{1601849F-9FEB-4F0D-9FF4-FA38A485F2C2}.Debug|Any CPU.ActiveCfg = Debug|Any CPU
		{1601849F-9FEB-4F0D-9FF4-FA38A485F2C2}.Debug|Any CPU.Build.0 = Debug|Any CPU
		{1601849F-9FEB-4F0D-9FF4-FA38A485F2C2}.Debug|x64.ActiveCfg = Debug|x64
		{1601849F-9FEB-4F0D-9FF4-FA38A485F2C2}.Debug|x64.Build.0 = Debug|x64
		{1601849F-9FEB-4F0D-9FF4-FA38A485F2C2}.Release|Any CPU.ActiveCfg = Release|Any CPU
		{1601849F-9FEB-4F0D-9FF4-FA38A485F2C2}.Release|Any CPU.Build.0 = Release|Any CPU
		{1601849F-9FEB-4F0D-9FF4-FA38A485F2C2}.Release|x64.ActiveCfg = Release|x64
		{1601849F-9FEB-4F0D-9FF4-FA38A485F2C2}.Release|x64.Build.0 = Release|x64
		{1BF0EF8A-8416-430C-BB04-6E0A11B00382}.Debug|Any CPU.ActiveCfg = Debug|Any CPU
		{1BF0EF8A-8416-430C-BB04-6E0A11B00382}.Debug|Any CPU.Build.0 = Debug|Any CPU
		{1BF0EF8A-8416-430C-BB04-6E0A11B00382}.Debug|x64.ActiveCfg = Debug|x64
		{1BF0EF8A-8416-430C-BB04-6E0A11B00382}.Debug|x64.Build.0 = Debug|x64
		{1BF0EF8A-8416-430C-BB04-6E0A11B00382}.Release|Any CPU.ActiveCfg = Release|Any CPU
		{1BF0EF8A-8416-430C-BB04-6E0A11B00382}.Release|Any CPU.Build.0 = Release|Any CPU
		{1BF0EF8A-8416-430C-BB04-6E0A11B00382}.Release|x64.ActiveCfg = Release|x64
		{1BF0EF8A-8416-430C-BB04-6E0A11B00382}.Release|x64.Build.0 = Release|x64
		{1B418704-08BA-4F27-BC42-C8662AC83F2F}.Debug|Any CPU.ActiveCfg = Debug|Any CPU
		{1B418704-08BA-4F27-BC42-C8662AC83F2F}.Debug|Any CPU.Build.0 = Debug|Any CPU
		{1B418704-08BA-4F27-BC42-C8662AC83F2F}.Debug|x64.ActiveCfg = Debug|x64
		{1B418704-08BA-4F27-BC42-C8662AC83F2F}.Debug|x64.Build.0 = Debug|x64
		{1B418704-08BA-4F27-BC42-C8662AC83F2F}.Release|Any CPU.ActiveCfg = Release|Any CPU
		{1B418704-08BA-4F27-BC42-C8662AC83F2F}.Release|Any CPU.Build.0 = Release|Any CPU
		{1B418704-08BA-4F27-BC42-C8662AC83F2F}.Release|x64.ActiveCfg = Release|x64
		{1B418704-08BA-4F27-BC42-C8662AC83F2F}.Release|x64.Build.0 = Release|x64
		{3EBC68F8-4F1D-439A-9D2D-B01B7A4EB5D7}.Debug|Any CPU.ActiveCfg = Debug|Any CPU
		{3EBC68F8-4F1D-439A-9D2D-B01B7A4EB5D7}.Debug|Any CPU.Build.0 = Debug|Any CPU
		{3EBC68F8-4F1D-439A-9D2D-B01B7A4EB5D7}.Debug|Any CPU.Deploy.0 = Debug|Any CPU
		{3EBC68F8-4F1D-439A-9D2D-B01B7A4EB5D7}.Debug|x64.ActiveCfg = Debug|Any CPU
		{3EBC68F8-4F1D-439A-9D2D-B01B7A4EB5D7}.Debug|x64.Build.0 = Debug|Any CPU
		{3EBC68F8-4F1D-439A-9D2D-B01B7A4EB5D7}.Debug|x64.Deploy.0 = Debug|Any CPU
		{3EBC68F8-4F1D-439A-9D2D-B01B7A4EB5D7}.Release|Any CPU.ActiveCfg = Release|Any CPU
		{3EBC68F8-4F1D-439A-9D2D-B01B7A4EB5D7}.Release|Any CPU.Build.0 = Release|Any CPU
		{3EBC68F8-4F1D-439A-9D2D-B01B7A4EB5D7}.Release|Any CPU.Deploy.0 = Release|Any CPU
		{3EBC68F8-4F1D-439A-9D2D-B01B7A4EB5D7}.Release|x64.ActiveCfg = Release|Any CPU
		{3EBC68F8-4F1D-439A-9D2D-B01B7A4EB5D7}.Release|x64.Build.0 = Release|Any CPU
		{3EBC68F8-4F1D-439A-9D2D-B01B7A4EB5D7}.Release|x64.Deploy.0 = Release|Any CPU
		{F7FB2502-1955-4E96-9E4C-B2F9B87BCC50}.Debug|Any CPU.ActiveCfg = Debug|Any CPU
		{F7FB2502-1955-4E96-9E4C-B2F9B87BCC50}.Debug|Any CPU.Build.0 = Debug|Any CPU
		{F7FB2502-1955-4E96-9E4C-B2F9B87BCC50}.Debug|x64.ActiveCfg = Debug|Any CPU
		{F7FB2502-1955-4E96-9E4C-B2F9B87BCC50}.Debug|x64.Build.0 = Debug|Any CPU
		{F7FB2502-1955-4E96-9E4C-B2F9B87BCC50}.Release|Any CPU.ActiveCfg = Release|Any CPU
		{F7FB2502-1955-4E96-9E4C-B2F9B87BCC50}.Release|Any CPU.Build.0 = Release|Any CPU
		{F7FB2502-1955-4E96-9E4C-B2F9B87BCC50}.Release|x64.ActiveCfg = Release|Any CPU
		{F7FB2502-1955-4E96-9E4C-B2F9B87BCC50}.Release|x64.Build.0 = Release|Any CPU
		{FAABD675-70A5-44FD-AA6A-281CB7F4A4F2}.Debug|Any CPU.ActiveCfg = Debug|Any CPU
		{FAABD675-70A5-44FD-AA6A-281CB7F4A4F2}.Debug|Any CPU.Build.0 = Debug|Any CPU
		{FAABD675-70A5-44FD-AA6A-281CB7F4A4F2}.Debug|x64.ActiveCfg = Debug|Any CPU
		{FAABD675-70A5-44FD-AA6A-281CB7F4A4F2}.Debug|x64.Build.0 = Debug|Any CPU
		{FAABD675-70A5-44FD-AA6A-281CB7F4A4F2}.Release|Any CPU.ActiveCfg = Release|Any CPU
		{FAABD675-70A5-44FD-AA6A-281CB7F4A4F2}.Release|Any CPU.Build.0 = Release|Any CPU
		{FAABD675-70A5-44FD-AA6A-281CB7F4A4F2}.Release|x64.ActiveCfg = Release|Any CPU
		{FAABD675-70A5-44FD-AA6A-281CB7F4A4F2}.Release|x64.Build.0 = Release|Any CPU
		{C8331FBF-55BF-4030-8C17-08EA2730CF9A}.Debug|Any CPU.ActiveCfg = Debug|Any CPU
		{C8331FBF-55BF-4030-8C17-08EA2730CF9A}.Debug|Any CPU.Build.0 = Debug|Any CPU
		{C8331FBF-55BF-4030-8C17-08EA2730CF9A}.Debug|x64.ActiveCfg = Debug|Any CPU
		{C8331FBF-55BF-4030-8C17-08EA2730CF9A}.Debug|x64.Build.0 = Debug|Any CPU
		{C8331FBF-55BF-4030-8C17-08EA2730CF9A}.Release|Any CPU.ActiveCfg = Release|Any CPU
		{C8331FBF-55BF-4030-8C17-08EA2730CF9A}.Release|Any CPU.Build.0 = Release|Any CPU
		{C8331FBF-55BF-4030-8C17-08EA2730CF9A}.Release|x64.ActiveCfg = Release|Any CPU
		{C8331FBF-55BF-4030-8C17-08EA2730CF9A}.Release|x64.Build.0 = Release|Any CPU
		{80056988-44E7-4EF4-9F59-50BCF215CB03}.Debug|Any CPU.ActiveCfg = Debug|Any CPU
		{80056988-44E7-4EF4-9F59-50BCF215CB03}.Debug|Any CPU.Build.0 = Debug|Any CPU
		{80056988-44E7-4EF4-9F59-50BCF215CB03}.Debug|x64.ActiveCfg = Debug|Any CPU
		{80056988-44E7-4EF4-9F59-50BCF215CB03}.Debug|x64.Build.0 = Debug|Any CPU
		{80056988-44E7-4EF4-9F59-50BCF215CB03}.Release|Any CPU.ActiveCfg = Release|Any CPU
		{80056988-44E7-4EF4-9F59-50BCF215CB03}.Release|Any CPU.Build.0 = Release|Any CPU
		{80056988-44E7-4EF4-9F59-50BCF215CB03}.Release|x64.ActiveCfg = Release|Any CPU
		{80056988-44E7-4EF4-9F59-50BCF215CB03}.Release|x64.Build.0 = Release|Any CPU
		{7873E573-12B8-4E47-A702-7387917C1DC9}.Debug|Any CPU.ActiveCfg = Debug|Any CPU
		{7873E573-12B8-4E47-A702-7387917C1DC9}.Debug|Any CPU.Build.0 = Debug|Any CPU
		{7873E573-12B8-4E47-A702-7387917C1DC9}.Debug|x64.ActiveCfg = Debug|Any CPU
		{7873E573-12B8-4E47-A702-7387917C1DC9}.Debug|x64.Build.0 = Debug|Any CPU
		{7873E573-12B8-4E47-A702-7387917C1DC9}.Release|Any CPU.ActiveCfg = Release|Any CPU
		{7873E573-12B8-4E47-A702-7387917C1DC9}.Release|Any CPU.Build.0 = Release|Any CPU
		{7873E573-12B8-4E47-A702-7387917C1DC9}.Release|x64.ActiveCfg = Release|Any CPU
		{7873E573-12B8-4E47-A702-7387917C1DC9}.Release|x64.Build.0 = Release|Any CPU
	EndGlobalSection
	GlobalSection(SolutionProperties) = preSolution
		HideSolutionNode = FALSE
	EndGlobalSection
	GlobalSection(ExtensibilityGlobals) = postSolution
		SolutionGuid = {A8B071C9-E19D-4B63-9328-F85467C39FDB}
	EndGlobalSection
EndGlobal
